
Microsoft Visual Studio Solution File, Format Version 12.00
# Visual Studio Version 17
VisualStudioVersion = 17.9.34701.34
MinimumVisualStudioVersion = 10.0.40219.1
Project("{FAE04EC0-301F-11D3-BF4B-00C04F79EFBC}") = "Heranca", "Heranca\Heranca.csproj", "{2BEDE065-13BF-4619-812E-DA3C90C69763}"
EndProject
Global
	GlobalSection(SolutionConfigurationPlatforms) = preSolution
		Debug|Any CPU = Debug|Any CPU
		Release|Any CPU = Release|Any CPU
	EndGlobalSection
	GlobalSection(ProjectConfigurationPlatforms) = postSolution
		{2BEDE065-13BF-4619-812E-DA3C90C69763}.Debug|Any CPU.ActiveCfg = Debug|Any CPU
		{2BEDE065-13BF-4619-812E-DA3C90C69763}.Debug|Any CPU.Build.0 = Debug|Any CPU
		{2BEDE065-13BF-4619-812E-DA3C90C69763}.Release|Any CPU.ActiveCfg = Release|Any CPU
		{2BEDE065-13BF-4619-812E-DA3C90C69763}.Release|Any CPU.Build.0 = Release|Any CPU
	EndGlobalSection
	GlobalSection(SolutionProperties) = preSolution
		HideSolutionNode = FALSE
	EndGlobalSection
	GlobalSection(ExtensibilityGlobals) = postSolution
		SolutionGuid = {9E6E5C1E-5203-4846-A850-C46D4E5C0629}
	EndGlobalSection
EndGlobal
